{
  "name": "cdk-pipeline-demo",
  "version": "1.0.0",
  "lockfileVersion": 1,
  "requires": true,
  "dependencies": {
    "@aws-cdk/assets": {
      "version": "1.86.0",
      "resolved": "https://registry.npmjs.org/@aws-cdk/assets/-/assets-1.86.0.tgz",
      "integrity": "sha512-vF4L0eVLFYrJdGVaptm20Grpc0BDb0XkkO8jzGDpGLA2NIPvwjRVWIRE5SY32++WaJrVE/TZpIdQNgLTKQIhAQ==",
      "requires": {
        "@aws-cdk/core": "1.86.0",
        "@aws-cdk/cx-api": "1.86.0",
        "constructs": "^3.2.0"
      }
    },
    "@aws-cdk/aws-apigateway": {
      "version": "1.86.0",
      "resolved": "https://registry.npmjs.org/@aws-cdk/aws-apigateway/-/aws-apigateway-1.86.0.tgz",
      "integrity": "sha512-krxclhRjIsL+4iJKBI544aqvnUWcyRkUFxPn1pw/1akSPspRtLetvcdLyZ0DOqr61WiGYWcfpiW2ygen0ROEPg==",
      "requires": {
        "@aws-cdk/assets": "1.86.0",
        "@aws-cdk/aws-certificatemanager": "1.86.0",
        "@aws-cdk/aws-cloudwatch": "1.86.0",
        "@aws-cdk/aws-ec2": "1.86.0",
        "@aws-cdk/aws-elasticloadbalancingv2": "1.86.0",
        "@aws-cdk/aws-iam": "1.86.0",
        "@aws-cdk/aws-lambda": "1.86.0",
        "@aws-cdk/aws-logs": "1.86.0",
        "@aws-cdk/aws-s3": "1.86.0",
        "@aws-cdk/aws-s3-assets": "1.86.0",
        "@aws-cdk/core": "1.86.0",
        "@aws-cdk/cx-api": "1.86.0",
        "constructs": "^3.2.0"
      }
    },
    "@aws-cdk/aws-apigatewayv2": {
      "version": "1.86.0",
      "resolved": "https://registry.npmjs.org/@aws-cdk/aws-apigatewayv2/-/aws-apigatewayv2-1.86.0.tgz",
      "integrity": "sha512-DATgKAdZS2P/yHWm4AoDAzEIaNEz0yrEv7e1GmEGCxawRrbsWhP/7TAm/CvLjbaq726XnyBTL9TEJaQWU9L6Cg==",
      "requires": {
        "@aws-cdk/aws-certificatemanager": "1.86.0",
        "@aws-cdk/aws-cloudwatch": "1.86.0",
        "@aws-cdk/aws-ec2": "1.86.0",
        "@aws-cdk/aws-iam": "1.86.0",
        "@aws-cdk/core": "1.86.0",
        "constructs": "^3.2.0"
      }
    },
    "@aws-cdk/aws-applicationautoscaling": {
      "version": "1.86.0",
      "resolved": "https://registry.npmjs.org/@aws-cdk/aws-applicationautoscaling/-/aws-applicationautoscaling-1.86.0.tgz",
      "integrity": "sha512-YenaOnE8dAA0Rz6H+LOoPgnINkPIbuBbJx4i7QUKh+BOPbKMjIaCp8zM1N3Q+AYECaWK/kB9mwEQmkPdp6jaEQ==",
      "requires": {
        "@aws-cdk/aws-autoscaling-common": "1.86.0",
        "@aws-cdk/aws-cloudwatch": "1.86.0",
        "@aws-cdk/aws-iam": "1.86.0",
        "@aws-cdk/core": "1.86.0",
        "constructs": "^3.2.0"
      }
    },
    "@aws-cdk/aws-autoscaling": {
      "version": "1.86.0",
      "resolved": "https://registry.npmjs.org/@aws-cdk/aws-autoscaling/-/aws-autoscaling-1.86.0.tgz",
      "integrity": "sha512-0zDd0UWfFaICzSNdKM296OrvQZea5VLRY6+wNywfdCs1mEpuuBV9cBRN/MsJFc+ZVUxVA5sNojRWl8Q5Ewk3SA==",
      "requires": {
        "@aws-cdk/aws-autoscaling-common": "1.86.0",
        "@aws-cdk/aws-cloudwatch": "1.86.0",
        "@aws-cdk/aws-ec2": "1.86.0",
        "@aws-cdk/aws-elasticloadbalancing": "1.86.0",
        "@aws-cdk/aws-elasticloadbalancingv2": "1.86.0",
        "@aws-cdk/aws-iam": "1.86.0",
        "@aws-cdk/aws-sns": "1.86.0",
        "@aws-cdk/core": "1.86.0",
        "constructs": "^3.2.0"
      }
    },
    "@aws-cdk/aws-autoscaling-common": {
      "version": "1.86.0",
      "resolved": "https://registry.npmjs.org/@aws-cdk/aws-autoscaling-common/-/aws-autoscaling-common-1.86.0.tgz",
      "integrity": "sha512-IEclDXJG34XFbadAJM6JyMGrbO6asl188aY81cpiR16qdqly1FVHxbGVLp2qlKejxaCW3WxxDsiAlSnFN3FfdQ==",
      "requires": {
        "@aws-cdk/aws-iam": "1.86.0",
        "@aws-cdk/core": "1.86.0",
        "constructs": "^3.2.0"
      }
    },
    "@aws-cdk/aws-autoscaling-hooktargets": {
      "version": "1.86.0",
      "resolved": "https://registry.npmjs.org/@aws-cdk/aws-autoscaling-hooktargets/-/aws-autoscaling-hooktargets-1.86.0.tgz",
      "integrity": "sha512-YDvM9T/C3c2RumVO8DXscvIgm9cAi2pV7OUpcFghMo7BypMG+3w+1PFkVbWQ2mEUivLw7WOK3J/S6C20IgyVtQ==",
      "requires": {
        "@aws-cdk/aws-autoscaling": "1.86.0",
        "@aws-cdk/aws-iam": "1.86.0",
        "@aws-cdk/aws-kms": "1.86.0",
        "@aws-cdk/aws-lambda": "1.86.0",
        "@aws-cdk/aws-sns": "1.86.0",
        "@aws-cdk/aws-sns-subscriptions": "1.86.0",
        "@aws-cdk/aws-sqs": "1.86.0",
        "@aws-cdk/core": "1.86.0",
        "constructs": "^3.2.0"
      }
    },
    "@aws-cdk/aws-batch": {
      "version": "1.86.0",
      "resolved": "https://registry.npmjs.org/@aws-cdk/aws-batch/-/aws-batch-1.86.0.tgz",
      "integrity": "sha512-fCptD1efZ4JaYOKP3uhUU8jbep8L97oTBYBh2Vgsdgn9Cec2ZsRx6r9rNZGElS8TZPOAIMuk4MIsIpcB2lYckw==",
      "requires": {
        "@aws-cdk/aws-ec2": "1.86.0",
        "@aws-cdk/aws-ecr": "1.86.0",
        "@aws-cdk/aws-ecs": "1.86.0",
        "@aws-cdk/aws-iam": "1.86.0",
        "@aws-cdk/aws-secretsmanager": "1.86.0",
        "@aws-cdk/aws-ssm": "1.86.0",
        "@aws-cdk/core": "1.86.0",
        "constructs": "^3.2.0"
      }
    },
    "@aws-cdk/aws-certificatemanager": {
      "version": "1.86.0",
      "resolved": "https://registry.npmjs.org/@aws-cdk/aws-certificatemanager/-/aws-certificatemanager-1.86.0.tgz",
      "integrity": "sha512-fXuQSreEsxTQXYc++4/LoPeOcRlmjvBiqmVzC80xS5AvKRf4uaXKhrgppkUv1DGsuq3LcFRFoz4qpOBcTexy8g==",
      "requires": {
        "@aws-cdk/aws-iam": "1.86.0",
        "@aws-cdk/aws-lambda": "1.86.0",
        "@aws-cdk/aws-route53": "1.86.0",
        "@aws-cdk/core": "1.86.0",
        "constructs": "^3.2.0"
      }
    },
    "@aws-cdk/aws-cloudformation": {
      "version": "1.86.0",
      "resolved": "https://registry.npmjs.org/@aws-cdk/aws-cloudformation/-/aws-cloudformation-1.86.0.tgz",
      "integrity": "sha512-VbV9LuYq/ecgHQF9T6VqZfRlA6nY/FDwhM1qo1meG/+2Noyy3kimQ+J8LZPNkOk8R1gusgD16U8xLsjxZaYvmg==",
      "requires": {
        "@aws-cdk/aws-iam": "1.86.0",
        "@aws-cdk/aws-lambda": "1.86.0",
        "@aws-cdk/aws-s3": "1.86.0",
        "@aws-cdk/aws-sns": "1.86.0",
        "@aws-cdk/core": "1.86.0",
        "@aws-cdk/cx-api": "1.86.0",
        "constructs": "^3.2.0"
      }
    },
    "@aws-cdk/aws-cloudfront": {
      "version": "1.86.0",
      "resolved": "https://registry.npmjs.org/@aws-cdk/aws-cloudfront/-/aws-cloudfront-1.86.0.tgz",
      "integrity": "sha512-G0n1vDFuXGZ4MskK1XFE8PWMfXxuXlH+8/Jz68hxSja6WuAU7wXb2Z6jFw57Em2FGs6Y6d0tpaQDI7GtmqDhtg==",
      "requires": {
        "@aws-cdk/aws-certificatemanager": "1.86.0",
        "@aws-cdk/aws-cloudwatch": "1.86.0",
        "@aws-cdk/aws-ec2": "1.86.0",
        "@aws-cdk/aws-iam": "1.86.0",
        "@aws-cdk/aws-kms": "1.86.0",
        "@aws-cdk/aws-lambda": "1.86.0",
        "@aws-cdk/aws-s3": "1.86.0",
        "@aws-cdk/aws-ssm": "1.86.0",
        "@aws-cdk/core": "1.86.0",
        "constructs": "^3.2.0"
      }
    },
    "@aws-cdk/aws-cloudwatch": {
      "version": "1.86.0",
      "resolved": "https://registry.npmjs.org/@aws-cdk/aws-cloudwatch/-/aws-cloudwatch-1.86.0.tgz",
      "integrity": "sha512-3kPfiArb3QgD3BYu+6xcP/vo0c7PP4HFMSO+0apobwgBg0PHnzw4HL9lQY3K8rBrT1yRoaf/R7MeMdoCdyfCVA==",
      "requires": {
        "@aws-cdk/aws-iam": "1.86.0",
        "@aws-cdk/core": "1.86.0",
        "constructs": "^3.2.0"
      }
    },
    "@aws-cdk/aws-codebuild": {
      "version": "1.86.0",
      "resolved": "https://registry.npmjs.org/@aws-cdk/aws-codebuild/-/aws-codebuild-1.86.0.tgz",
      "integrity": "sha512-fOVvJV+T81ivVU5cM1ClEXUeKG1Deu1ViRi3xlcpnTC+5RdldrxD42OPwiocSiSCqW7dJCod/RS2PwNMahRMIg==",
      "requires": {
        "@aws-cdk/assets": "1.86.0",
        "@aws-cdk/aws-cloudwatch": "1.86.0",
        "@aws-cdk/aws-codecommit": "1.86.0",
        "@aws-cdk/aws-ec2": "1.86.0",
        "@aws-cdk/aws-ecr": "1.86.0",
        "@aws-cdk/aws-ecr-assets": "1.86.0",
        "@aws-cdk/aws-events": "1.86.0",
        "@aws-cdk/aws-iam": "1.86.0",
        "@aws-cdk/aws-kms": "1.86.0",
        "@aws-cdk/aws-logs": "1.86.0",
        "@aws-cdk/aws-s3": "1.86.0",
        "@aws-cdk/aws-s3-assets": "1.86.0",
        "@aws-cdk/aws-secretsmanager": "1.86.0",
        "@aws-cdk/core": "1.86.0",
        "@aws-cdk/region-info": "1.86.0",
        "constructs": "^3.2.0"
      }
    },
    "@aws-cdk/aws-codecommit": {
      "version": "1.86.0",
      "resolved": "https://registry.npmjs.org/@aws-cdk/aws-codecommit/-/aws-codecommit-1.86.0.tgz",
      "integrity": "sha512-a015aTSsmz8nmwpWKo4gnaLrqMVBPpDRo9Td2lnLkYkX/jhoTtKcPfcqbemCp25dC7EP1Ug2p7Zp6WNQ6ZHvrw==",
      "requires": {
        "@aws-cdk/aws-events": "1.86.0",
        "@aws-cdk/aws-iam": "1.86.0",
        "@aws-cdk/core": "1.86.0",
        "constructs": "^3.2.0"
      }
    },
    "@aws-cdk/aws-codedeploy": {
      "version": "1.86.0",
      "resolved": "https://registry.npmjs.org/@aws-cdk/aws-codedeploy/-/aws-codedeploy-1.86.0.tgz",
      "integrity": "sha512-lqWTOEltPtnY9VPsOC5ANnMGJnIbLvviXBLKYaYlKafcU1jsJzJmlMeq138xXyK9H5XfQIV1lIflaDvwrf5/Xg==",
      "requires": {
        "@aws-cdk/aws-autoscaling": "1.86.0",
        "@aws-cdk/aws-cloudwatch": "1.86.0",
        "@aws-cdk/aws-ec2": "1.86.0",
        "@aws-cdk/aws-elasticloadbalancing": "1.86.0",
        "@aws-cdk/aws-elasticloadbalancingv2": "1.86.0",
        "@aws-cdk/aws-iam": "1.86.0",
        "@aws-cdk/aws-lambda": "1.86.0",
        "@aws-cdk/aws-s3": "1.86.0",
        "@aws-cdk/core": "1.86.0",
        "@aws-cdk/custom-resources": "1.86.0",
        "constructs": "^3.2.0"
      }
    },
    "@aws-cdk/aws-codeguruprofiler": {
      "version": "1.86.0",
      "resolved": "https://registry.npmjs.org/@aws-cdk/aws-codeguruprofiler/-/aws-codeguruprofiler-1.86.0.tgz",
      "integrity": "sha512-+52oNB7jBeAD+RKhF47Q5eadeUm+K2KJRZGzrsNX8g6tC46aoYnAFTaPFmsUzh/zq8c0TpWiPLOpTfGgGop9Qw==",
      "requires": {
        "@aws-cdk/aws-iam": "1.86.0",
        "@aws-cdk/core": "1.86.0",
        "constructs": "^3.2.0"
      }
    },
    "@aws-cdk/aws-codepipeline": {
      "version": "1.86.0",
      "resolved": "https://registry.npmjs.org/@aws-cdk/aws-codepipeline/-/aws-codepipeline-1.86.0.tgz",
      "integrity": "sha512-p/xvTw2IJ3cQw+RnrvxYZPriHKe/5fUwozXgTDAR1LHZsxy2hTXOfrk0RDq6BEHgrtqJbmIrPV6PQUGm2EpxBw==",
      "requires": {
        "@aws-cdk/aws-events": "1.86.0",
        "@aws-cdk/aws-iam": "1.86.0",
        "@aws-cdk/aws-kms": "1.86.0",
        "@aws-cdk/aws-s3": "1.86.0",
        "@aws-cdk/core": "1.86.0",
        "constructs": "^3.2.0"
      }
    },
    "@aws-cdk/aws-codepipeline-actions": {
      "version": "1.86.0",
      "resolved": "https://registry.npmjs.org/@aws-cdk/aws-codepipeline-actions/-/aws-codepipeline-actions-1.86.0.tgz",
      "integrity": "sha512-ZyH7GKmo/XnLM3DZsoZ0TA46Fsu6uNQfHxhCfVirE7ZtetLyXVYd21lu+LQEzzd8AHoVcBV6y3HXMvPYwhDKxg==",
      "requires": {
        "@aws-cdk/aws-cloudformation": "1.86.0",
        "@aws-cdk/aws-codebuild": "1.86.0",
        "@aws-cdk/aws-codecommit": "1.86.0",
        "@aws-cdk/aws-codedeploy": "1.86.0",
        "@aws-cdk/aws-codepipeline": "1.86.0",
        "@aws-cdk/aws-ec2": "1.86.0",
        "@aws-cdk/aws-ecr": "1.86.0",
        "@aws-cdk/aws-ecs": "1.86.0",
        "@aws-cdk/aws-events": "1.86.0",
        "@aws-cdk/aws-events-targets": "1.86.0",
        "@aws-cdk/aws-iam": "1.86.0",
        "@aws-cdk/aws-lambda": "1.86.0",
        "@aws-cdk/aws-s3": "1.86.0",
        "@aws-cdk/aws-servicecatalog": "1.86.0",
        "@aws-cdk/aws-sns": "1.86.0",
        "@aws-cdk/aws-sns-subscriptions": "1.86.0",
        "@aws-cdk/aws-stepfunctions": "1.86.0",
        "@aws-cdk/core": "1.86.0",
        "case": "1.6.3",
        "constructs": "^3.2.0"
      },
      "dependencies": {
        "case": {
          "version": "1.6.3",
          "bundled": true
        }
      }
    },
    "@aws-cdk/aws-cognito": {
      "version": "1.86.0",
      "resolved": "https://registry.npmjs.org/@aws-cdk/aws-cognito/-/aws-cognito-1.86.0.tgz",
      "integrity": "sha512-x781zqLKkJgdEBn6sIngAMdSkzJjKF43H65sUipZlWMG+nkxt44z0QTon4en/FJoIcuSm1hzHFk3mEFG/O9FGw==",
      "requires": {
        "@aws-cdk/aws-certificatemanager": "1.86.0",
        "@aws-cdk/aws-iam": "1.86.0",
        "@aws-cdk/aws-lambda": "1.86.0",
        "@aws-cdk/core": "1.86.0",
        "@aws-cdk/custom-resources": "1.86.0",
        "constructs": "^3.2.0",
        "punycode": "^2.1.1"
      },
      "dependencies": {
        "punycode": {
          "version": "2.1.1",
          "bundled": true
        }
      }
    },
    "@aws-cdk/aws-ec2": {
      "version": "1.86.0",
      "resolved": "https://registry.npmjs.org/@aws-cdk/aws-ec2/-/aws-ec2-1.86.0.tgz",
      "integrity": "sha512-HHrdbp6/htQeNBAhEy0Swm3Zd0gQp+lxzr2Y6yl+Lql5zfCA64Dh1jR9/NXDVQuK5aXkJUmCwCa0GLxeTEwduQ==",
      "requires": {
        "@aws-cdk/aws-cloudwatch": "1.86.0",
        "@aws-cdk/aws-iam": "1.86.0",
        "@aws-cdk/aws-kms": "1.86.0",
        "@aws-cdk/aws-logs": "1.86.0",
        "@aws-cdk/aws-s3": "1.86.0",
        "@aws-cdk/aws-s3-assets": "1.86.0",
        "@aws-cdk/aws-ssm": "1.86.0",
        "@aws-cdk/cloud-assembly-schema": "1.86.0",
        "@aws-cdk/core": "1.86.0",
        "@aws-cdk/cx-api": "1.86.0",
        "@aws-cdk/region-info": "1.86.0",
        "constructs": "^3.2.0"
      }
    },
    "@aws-cdk/aws-ecr": {
      "version": "1.86.0",
      "resolved": "https://registry.npmjs.org/@aws-cdk/aws-ecr/-/aws-ecr-1.86.0.tgz",
      "integrity": "sha512-g6WkLzJ4RM0XEYs/CRaVB8vaBFKRVD7VfrMLO9VOtDo8RAX9uokp4d+bFhtw+Ez6lgKdUdFrdGjV+KnkosfwBA==",
      "requires": {
        "@aws-cdk/aws-events": "1.86.0",
        "@aws-cdk/aws-iam": "1.86.0",
        "@aws-cdk/core": "1.86.0",
        "constructs": "^3.2.0"
      }
    },
    "@aws-cdk/aws-ecr-assets": {
      "version": "1.86.0",
      "resolved": "https://registry.npmjs.org/@aws-cdk/aws-ecr-assets/-/aws-ecr-assets-1.86.0.tgz",
      "integrity": "sha512-fP4esO4QiHh+bSD6AJzmBBw7SJhSBYAsXIxeRBmWeAjPiJumWW++xiNwFymF+S1U44+xAEPfRPlx1s6CGhQp8g==",
      "requires": {
        "@aws-cdk/assets": "1.86.0",
        "@aws-cdk/aws-ecr": "1.86.0",
        "@aws-cdk/aws-iam": "1.86.0",
        "@aws-cdk/aws-s3": "1.86.0",
        "@aws-cdk/core": "1.86.0",
        "@aws-cdk/cx-api": "1.86.0",
        "constructs": "^3.2.0",
        "minimatch": "^3.0.4"
      },
      "dependencies": {
        "balanced-match": {
          "version": "1.0.0",
          "bundled": true
        },
        "brace-expansion": {
          "version": "1.1.11",
          "bundled": true,
          "requires": {
            "balanced-match": "^1.0.0",
            "concat-map": "0.0.1"
          }
        },
        "concat-map": {
          "version": "0.0.1",
          "bundled": true
        },
        "minimatch": {
          "version": "3.0.4",
          "bundled": true,
          "requires": {
            "brace-expansion": "^1.1.7"
          }
        }
      }
    },
    "@aws-cdk/aws-ecs": {
      "version": "1.86.0",
      "resolved": "https://registry.npmjs.org/@aws-cdk/aws-ecs/-/aws-ecs-1.86.0.tgz",
      "integrity": "sha512-VL1dgkrosM83Cb6WyvgFcRI6hO/eR3f5RBzu06DBSD9Qy7Ds2/9tHXidcEgMwLn18Yq0XAhFVRxp7x4U82fU2w==",
      "requires": {
        "@aws-cdk/aws-applicationautoscaling": "1.86.0",
        "@aws-cdk/aws-autoscaling": "1.86.0",
        "@aws-cdk/aws-autoscaling-hooktargets": "1.86.0",
        "@aws-cdk/aws-certificatemanager": "1.86.0",
        "@aws-cdk/aws-cloudwatch": "1.86.0",
        "@aws-cdk/aws-ec2": "1.86.0",
        "@aws-cdk/aws-ecr": "1.86.0",
        "@aws-cdk/aws-ecr-assets": "1.86.0",
        "@aws-cdk/aws-elasticloadbalancing": "1.86.0",
        "@aws-cdk/aws-elasticloadbalancingv2": "1.86.0",
        "@aws-cdk/aws-iam": "1.86.0",
        "@aws-cdk/aws-kms": "1.86.0",
        "@aws-cdk/aws-lambda": "1.86.0",
        "@aws-cdk/aws-logs": "1.86.0",
        "@aws-cdk/aws-route53": "1.86.0",
        "@aws-cdk/aws-route53-targets": "1.86.0",
        "@aws-cdk/aws-s3": "1.86.0",
        "@aws-cdk/aws-s3-assets": "1.86.0",
        "@aws-cdk/aws-secretsmanager": "1.86.0",
        "@aws-cdk/aws-servicediscovery": "1.86.0",
        "@aws-cdk/aws-sns": "1.86.0",
        "@aws-cdk/aws-sqs": "1.86.0",
        "@aws-cdk/aws-ssm": "1.86.0",
        "@aws-cdk/core": "1.86.0",
        "@aws-cdk/cx-api": "1.86.0",
        "constructs": "^3.2.0"
      }
    },
    "@aws-cdk/aws-efs": {
      "version": "1.86.0",
      "resolved": "https://registry.npmjs.org/@aws-cdk/aws-efs/-/aws-efs-1.86.0.tgz",
      "integrity": "sha512-32DjWMpwE9TJMF2RWP72yDefHlQ5umWSa/bT5THGWKleuh8j/GJ6oYpskEdP7bzrTAYCJ05v7pSY5mCBrZL7gw==",
      "requires": {
        "@aws-cdk/aws-ec2": "1.86.0",
        "@aws-cdk/aws-kms": "1.86.0",
        "@aws-cdk/cloud-assembly-schema": "1.86.0",
        "@aws-cdk/core": "1.86.0",
        "@aws-cdk/cx-api": "1.86.0",
        "constructs": "^3.2.0"
      }
    },
    "@aws-cdk/aws-elasticloadbalancing": {
      "version": "1.86.0",
      "resolved": "https://registry.npmjs.org/@aws-cdk/aws-elasticloadbalancing/-/aws-elasticloadbalancing-1.86.0.tgz",
      "integrity": "sha512-QnA0Oenz3/s1p4MI83Tl2RPmbB9iowupe4APMfHR8VyeX+A4xLnL06PqdHbjc64Sb+FJM3lx9b4chzzmW5YuYQ==",
      "requires": {
        "@aws-cdk/aws-ec2": "1.86.0",
        "@aws-cdk/core": "1.86.0",
        "constructs": "^3.2.0"
      }
    },
    "@aws-cdk/aws-elasticloadbalancingv2": {
      "version": "1.86.0",
      "resolved": "https://registry.npmjs.org/@aws-cdk/aws-elasticloadbalancingv2/-/aws-elasticloadbalancingv2-1.86.0.tgz",
      "integrity": "sha512-jGZWjYAluj9/17m8TG8GwpD69UH1Dd0ShsvtwLgT6o6vauJktyiVBrPSWxFn5j00rj0qFO4gynyj2bnx7mf19A==",
      "requires": {
        "@aws-cdk/aws-certificatemanager": "1.86.0",
        "@aws-cdk/aws-cloudwatch": "1.86.0",
        "@aws-cdk/aws-ec2": "1.86.0",
        "@aws-cdk/aws-iam": "1.86.0",
        "@aws-cdk/aws-lambda": "1.86.0",
        "@aws-cdk/aws-s3": "1.86.0",
        "@aws-cdk/cloud-assembly-schema": "1.86.0",
        "@aws-cdk/core": "1.86.0",
        "@aws-cdk/cx-api": "1.86.0",
        "@aws-cdk/region-info": "1.86.0",
        "constructs": "^3.2.0"
      }
    },
    "@aws-cdk/aws-events": {
      "version": "1.86.0",
      "resolved": "https://registry.npmjs.org/@aws-cdk/aws-events/-/aws-events-1.86.0.tgz",
      "integrity": "sha512-oycdFqVr/LndoFOsXdHllToBqt/ylsYRmTNWIz0BB2NQ5n+0iMGklTePmL1VDy931jkPjqE/ZTL3Q67NkBgdFg==",
      "requires": {
        "@aws-cdk/aws-iam": "1.86.0",
        "@aws-cdk/core": "1.86.0",
        "constructs": "^3.2.0"
      }
    },
    "@aws-cdk/aws-events-targets": {
      "version": "1.86.0",
      "resolved": "https://registry.npmjs.org/@aws-cdk/aws-events-targets/-/aws-events-targets-1.86.0.tgz",
      "integrity": "sha512-iva4OlR5Z0MdJkCgtJwQ5sA/Fbcnh1T8bA5wapSGLrmBkrmwPJIVcewAlGUZGZgwPYh7LGKL3r39Yz69xenY8A==",
      "requires": {
        "@aws-cdk/aws-batch": "1.86.0",
        "@aws-cdk/aws-codebuild": "1.86.0",
        "@aws-cdk/aws-codepipeline": "1.86.0",
        "@aws-cdk/aws-ec2": "1.86.0",
        "@aws-cdk/aws-ecs": "1.86.0",
        "@aws-cdk/aws-events": "1.86.0",
        "@aws-cdk/aws-iam": "1.86.0",
        "@aws-cdk/aws-kinesis": "1.86.0",
        "@aws-cdk/aws-kinesisfirehose": "1.86.0",
        "@aws-cdk/aws-lambda": "1.86.0",
        "@aws-cdk/aws-logs": "1.86.0",
        "@aws-cdk/aws-sns": "1.86.0",
        "@aws-cdk/aws-sns-subscriptions": "1.86.0",
        "@aws-cdk/aws-sqs": "1.86.0",
        "@aws-cdk/aws-stepfunctions": "1.86.0",
        "@aws-cdk/core": "1.86.0",
        "@aws-cdk/custom-resources": "1.86.0",
        "constructs": "^3.2.0"
      }
    },
    "@aws-cdk/aws-iam": {
      "version": "1.86.0",
      "resolved": "https://registry.npmjs.org/@aws-cdk/aws-iam/-/aws-iam-1.86.0.tgz",
      "integrity": "sha512-eGd4kx9ZvQPze5iJQa+n3PlOFb42pUz9nCpJGNr+st7eK9CP6lDllrGq3MBTx5fAxswFkY+gE7MDlDymHIGmTg==",
      "requires": {
        "@aws-cdk/core": "1.86.0",
        "@aws-cdk/region-info": "1.86.0",
        "constructs": "^3.2.0"
      }
    },
    "@aws-cdk/aws-kinesis": {
      "version": "1.86.0",
      "resolved": "https://registry.npmjs.org/@aws-cdk/aws-kinesis/-/aws-kinesis-1.86.0.tgz",
      "integrity": "sha512-o6x4HXYhw1KRFO2DN/JdcYqop1kdxb1iD+f+i4ELktCt06RyHAfBYMw48rZUEu3UckkQAWbrbWYQAzoqV2AnWw==",
      "requires": {
        "@aws-cdk/aws-iam": "1.86.0",
        "@aws-cdk/aws-kms": "1.86.0",
        "@aws-cdk/aws-logs": "1.86.0",
        "@aws-cdk/core": "1.86.0",
        "constructs": "^3.2.0"
      }
    },
    "@aws-cdk/aws-kinesisfirehose": {
      "version": "1.86.0",
      "resolved": "https://registry.npmjs.org/@aws-cdk/aws-kinesisfirehose/-/aws-kinesisfirehose-1.86.0.tgz",
      "integrity": "sha512-gLJ+dAIGkVuGVNNHvq7zItPbSPHCDXXtdym+jP6zfKmO25x6IVF3JwUpRCn6BJfiit1+T7mgH/BqL1QhK+m3tA==",
      "requires": {
        "@aws-cdk/core": "1.86.0",
        "constructs": "^3.2.0"
      }
    },
    "@aws-cdk/aws-kms": {
      "version": "1.86.0",
      "resolved": "https://registry.npmjs.org/@aws-cdk/aws-kms/-/aws-kms-1.86.0.tgz",
      "integrity": "sha512-wuXQ2ZuQGuMI57cv+Nfo9rBZ0bQ6kzqAk4NAiHDK7md1/Afmz6X1m4laPMuLfR5xqeYM3HrY8FNR2NuTu/OZOg==",
      "requires": {
        "@aws-cdk/aws-iam": "1.86.0",
        "@aws-cdk/core": "1.86.0",
        "@aws-cdk/cx-api": "1.86.0",
        "constructs": "^3.2.0"
      }
    },
    "@aws-cdk/aws-lambda": {
      "version": "1.86.0",
      "resolved": "https://registry.npmjs.org/@aws-cdk/aws-lambda/-/aws-lambda-1.86.0.tgz",
      "integrity": "sha512-e1kIUUWLU9nZd15efuCJZI49/BIIsNaltpdeIKbfEuSOSkbUCW337mxF2LKKhoBL/WFyGuXy6pFu/bnnW2xd8g==",
      "requires": {
        "@aws-cdk/aws-applicationautoscaling": "1.86.0",
        "@aws-cdk/aws-cloudwatch": "1.86.0",
        "@aws-cdk/aws-codeguruprofiler": "1.86.0",
        "@aws-cdk/aws-ec2": "1.86.0",
        "@aws-cdk/aws-ecr": "1.86.0",
        "@aws-cdk/aws-ecr-assets": "1.86.0",
        "@aws-cdk/aws-efs": "1.86.0",
        "@aws-cdk/aws-events": "1.86.0",
        "@aws-cdk/aws-iam": "1.86.0",
        "@aws-cdk/aws-kms": "1.86.0",
        "@aws-cdk/aws-logs": "1.86.0",
        "@aws-cdk/aws-s3": "1.86.0",
        "@aws-cdk/aws-s3-assets": "1.86.0",
        "@aws-cdk/aws-sqs": "1.86.0",
        "@aws-cdk/core": "1.86.0",
        "@aws-cdk/cx-api": "1.86.0",
        "constructs": "^3.2.0"
      }
    },
    "@aws-cdk/aws-logs": {
      "version": "1.86.0",
      "resolved": "https://registry.npmjs.org/@aws-cdk/aws-logs/-/aws-logs-1.86.0.tgz",
      "integrity": "sha512-IXLUSvco7KAp2dmWd7SEONxhYzGI05j76iLIkcf7JrELSy1bHU4vatpFJajc4a6XY3GPc24fRn+CgMh6O+rexQ==",
      "requires": {
        "@aws-cdk/aws-cloudwatch": "1.86.0",
        "@aws-cdk/aws-iam": "1.86.0",
        "@aws-cdk/aws-kms": "1.86.0",
        "@aws-cdk/aws-s3-assets": "1.86.0",
        "@aws-cdk/core": "1.86.0",
        "constructs": "^3.2.0"
      }
    },
    "@aws-cdk/aws-route53": {
      "version": "1.86.0",
      "resolved": "https://registry.npmjs.org/@aws-cdk/aws-route53/-/aws-route53-1.86.0.tgz",
      "integrity": "sha512-5nMfZDkvjLs2sYoFD6dtWbHB/2RJP4BKF0TPWeef+CdcRXsZsUxj6od0AauE+Zf126XuJ/RbciMtm8V/EychvQ==",
      "requires": {
        "@aws-cdk/aws-ec2": "1.86.0",
        "@aws-cdk/aws-logs": "1.86.0",
        "@aws-cdk/cloud-assembly-schema": "1.86.0",
        "@aws-cdk/core": "1.86.0",
        "@aws-cdk/custom-resources": "1.86.0",
        "constructs": "^3.2.0"
      }
    },
    "@aws-cdk/aws-route53-targets": {
      "version": "1.86.0",
      "resolved": "https://registry.npmjs.org/@aws-cdk/aws-route53-targets/-/aws-route53-targets-1.86.0.tgz",
      "integrity": "sha512-+N+Wqm+AsKHuoPQC64LNGF8dugqBEdxxPSjJOfiAP/AezBL6GjSUp3TtZRmo4aRFix1rC0olSBBIuVAkX3Abgw==",
      "requires": {
        "@aws-cdk/aws-apigateway": "1.86.0",
        "@aws-cdk/aws-apigatewayv2": "1.86.0",
        "@aws-cdk/aws-cloudfront": "1.86.0",
        "@aws-cdk/aws-cognito": "1.86.0",
        "@aws-cdk/aws-ec2": "1.86.0",
        "@aws-cdk/aws-elasticloadbalancing": "1.86.0",
        "@aws-cdk/aws-elasticloadbalancingv2": "1.86.0",
        "@aws-cdk/aws-iam": "1.86.0",
        "@aws-cdk/aws-route53": "1.86.0",
        "@aws-cdk/aws-s3": "1.86.0",
        "@aws-cdk/core": "1.86.0",
        "@aws-cdk/region-info": "1.86.0",
        "constructs": "^3.2.0"
      }
    },
    "@aws-cdk/aws-s3": {
      "version": "1.86.0",
      "resolved": "https://registry.npmjs.org/@aws-cdk/aws-s3/-/aws-s3-1.86.0.tgz",
      "integrity": "sha512-4Rk3ohJwrKQ49L53Zk2eby9AEzkf6ljrs12y479ece+tMEzrve9Qu3PXiTQaGFf60eRm/8l/hm7AWYDc7BXhwg==",
      "requires": {
        "@aws-cdk/aws-events": "1.86.0",
        "@aws-cdk/aws-iam": "1.86.0",
        "@aws-cdk/aws-kms": "1.86.0",
        "@aws-cdk/core": "1.86.0",
        "@aws-cdk/cx-api": "1.86.0",
        "constructs": "^3.2.0"
      }
    },
    "@aws-cdk/aws-s3-assets": {
      "version": "1.86.0",
      "resolved": "https://registry.npmjs.org/@aws-cdk/aws-s3-assets/-/aws-s3-assets-1.86.0.tgz",
      "integrity": "sha512-X8EcNasUKzMeX52TSVBwDpPrUL6Blp8fAG2AAl/16cR9JfeBtd8OA1VQ1rc7FQgPpWLAsmmzLP7ZthDlVUy5FQ==",
      "requires": {
        "@aws-cdk/assets": "1.86.0",
        "@aws-cdk/aws-iam": "1.86.0",
        "@aws-cdk/aws-kms": "1.86.0",
        "@aws-cdk/aws-s3": "1.86.0",
        "@aws-cdk/core": "1.86.0",
        "@aws-cdk/cx-api": "1.86.0",
        "constructs": "^3.2.0"
      }
    },
    "@aws-cdk/aws-sam": {
      "version": "1.86.0",
      "resolved": "https://registry.npmjs.org/@aws-cdk/aws-sam/-/aws-sam-1.86.0.tgz",
      "integrity": "sha512-VJeVVauHUFvm6ZWz5qMlYyguRYS6ADO7BCCbMJXs6dvPBoONhqcs9MD7GdOOsCJKUgQV6twvsrxV8Vi6TrjZbQ==",
      "requires": {
        "@aws-cdk/core": "1.86.0",
        "constructs": "^3.2.0"
      }
    },
    "@aws-cdk/aws-secretsmanager": {
      "version": "1.86.0",
      "resolved": "https://registry.npmjs.org/@aws-cdk/aws-secretsmanager/-/aws-secretsmanager-1.86.0.tgz",
      "integrity": "sha512-HvaQoWBLp3alHGLI2wxkTK96q0oGU0SaAruGZbc+La0VU2YQuMP2ij7ckQJdn2y6+0zOr3fuXGb1mQWFyj5Lpw==",
      "requires": {
        "@aws-cdk/aws-ec2": "1.86.0",
        "@aws-cdk/aws-iam": "1.86.0",
        "@aws-cdk/aws-kms": "1.86.0",
        "@aws-cdk/aws-lambda": "1.86.0",
        "@aws-cdk/aws-sam": "1.86.0",
        "@aws-cdk/core": "1.86.0",
        "@aws-cdk/cx-api": "1.86.0",
        "constructs": "^3.2.0"
      }
    },
    "@aws-cdk/aws-servicecatalog": {
      "version": "1.86.0",
      "resolved": "https://registry.npmjs.org/@aws-cdk/aws-servicecatalog/-/aws-servicecatalog-1.86.0.tgz",
      "integrity": "sha512-gfbYkB9jAR3ySyHYU0Eo5zTvmLmFqDsEo6hpYnghAFdJb1UIlCILo5Ppbik4eFhDLXq6LrXauqweHmvrkDKpYg==",
      "requires": {
        "@aws-cdk/core": "1.86.0",
        "constructs": "^3.2.0"
      }
    },
    "@aws-cdk/aws-servicediscovery": {
      "version": "1.86.0",
      "resolved": "https://registry.npmjs.org/@aws-cdk/aws-servicediscovery/-/aws-servicediscovery-1.86.0.tgz",
      "integrity": "sha512-7x7wMQgXnogiaCXqJH3MFuR2jpRfrZ11IQo5oubDBUXnf07zsfFbXj65L29F+WnQgef8QE/rVir5xA9pqNnNug==",
      "requires": {
        "@aws-cdk/aws-ec2": "1.86.0",
        "@aws-cdk/aws-elasticloadbalancingv2": "1.86.0",
        "@aws-cdk/aws-route53": "1.86.0",
        "@aws-cdk/core": "1.86.0",
        "constructs": "^3.2.0"
      }
    },
    "@aws-cdk/aws-sns": {
      "version": "1.86.0",
      "resolved": "https://registry.npmjs.org/@aws-cdk/aws-sns/-/aws-sns-1.86.0.tgz",
      "integrity": "sha512-2LnH3iEAw2hDZwyegi+gHW8tqng/U2Ldb6wjCkntyuaD3IABC1etrttgGV0z86dKMNUATdsqXgv45hQwR2M9ag==",
      "requires": {
        "@aws-cdk/aws-cloudwatch": "1.86.0",
        "@aws-cdk/aws-events": "1.86.0",
        "@aws-cdk/aws-iam": "1.86.0",
        "@aws-cdk/aws-kms": "1.86.0",
        "@aws-cdk/aws-sqs": "1.86.0",
        "@aws-cdk/core": "1.86.0",
        "constructs": "^3.2.0"
      }
    },
    "@aws-cdk/aws-sns-subscriptions": {
      "version": "1.86.0",
      "resolved": "https://registry.npmjs.org/@aws-cdk/aws-sns-subscriptions/-/aws-sns-subscriptions-1.86.0.tgz",
      "integrity": "sha512-/7j4OK/wgN5PxECms23ffkw8+5sWOyk5mSBr+vCacLfRYihpUivDqmQ/2Ft5/0zcOg1BDnynK27SBsNLskANPg==",
      "requires": {
        "@aws-cdk/aws-iam": "1.86.0",
        "@aws-cdk/aws-lambda": "1.86.0",
        "@aws-cdk/aws-sns": "1.86.0",
        "@aws-cdk/aws-sqs": "1.86.0",
        "@aws-cdk/core": "1.86.0",
        "constructs": "^3.2.0"
      }
    },
    "@aws-cdk/aws-sqs": {
      "version": "1.86.0",
      "resolved": "https://registry.npmjs.org/@aws-cdk/aws-sqs/-/aws-sqs-1.86.0.tgz",
      "integrity": "sha512-rYuRDiq75DvB3BhRBAi1T9eGj2HYHpUt2yvTLV3Cvye/OcVEFAIvnl3LEyKrJuyqgWa0DWq8toj8gG2h96ytxw==",
      "requires": {
        "@aws-cdk/aws-cloudwatch": "1.86.0",
        "@aws-cdk/aws-iam": "1.86.0",
        "@aws-cdk/aws-kms": "1.86.0",
        "@aws-cdk/core": "1.86.0",
        "constructs": "^3.2.0"
      }
    },
    "@aws-cdk/aws-ssm": {
      "version": "1.86.0",
      "resolved": "https://registry.npmjs.org/@aws-cdk/aws-ssm/-/aws-ssm-1.86.0.tgz",
      "integrity": "sha512-8PFzkDXrdJ4AK7qDxkv3qjQZX+B4ldEMHx2ArcWYNh7gPGOOtg8VJajLY5w68MCvbtst8UnS7AP2PEk8cPj2xA==",
      "requires": {
        "@aws-cdk/aws-iam": "1.86.0",
        "@aws-cdk/aws-kms": "1.86.0",
        "@aws-cdk/cloud-assembly-schema": "1.86.0",
        "@aws-cdk/core": "1.86.0",
        "constructs": "^3.2.0"
      }
    },
    "@aws-cdk/aws-stepfunctions": {
      "version": "1.86.0",
      "resolved": "https://registry.npmjs.org/@aws-cdk/aws-stepfunctions/-/aws-stepfunctions-1.86.0.tgz",
      "integrity": "sha512-3Xc00PJrIFvLFz/0RQtGcqtQmkUS9P5ckKo0N48JjjEuG/HnAIrqTh4pDy1B4/svXEEdk7bjeErSTmPQby5rcQ==",
      "requires": {
        "@aws-cdk/aws-cloudwatch": "1.86.0",
        "@aws-cdk/aws-events": "1.86.0",
        "@aws-cdk/aws-iam": "1.86.0",
        "@aws-cdk/aws-logs": "1.86.0",
        "@aws-cdk/core": "1.86.0",
        "constructs": "^3.2.0"
      }
    },
    "@aws-cdk/cloud-assembly-schema": {
      "version": "1.86.0",
      "resolved": "https://registry.npmjs.org/@aws-cdk/cloud-assembly-schema/-/cloud-assembly-schema-1.86.0.tgz",
      "integrity": "sha512-3EKvoirgB+2dIX83Pdbi0QUh0JJuYkIssB+KnnCncRZDTl4NU1mlzJtAbZACPJjI7NCJOAxuAS/h+m5LulIqIQ==",
      "requires": {
        "jsonschema": "^1.4.0",
        "semver": "^7.3.2"
      },
      "dependencies": {
        "jsonschema": {
          "version": "1.4.0",
          "bundled": true
        },
        "semver": {
          "version": "7.3.2",
          "bundled": true
        }
      }
    },
    "@aws-cdk/core": {
      "version": "1.86.0",
      "resolved": "https://registry.npmjs.org/@aws-cdk/core/-/core-1.86.0.tgz",
      "integrity": "sha512-3wdvXta/XU2nKVxpr3rFJ0gKAVfiLuNp7nrarh/nyC+sS2ZtOLNOuHG8Zg0Adpzzb4YWqXknz60KLhSDVAAMsQ==",
      "requires": {
        "@aws-cdk/cloud-assembly-schema": "1.86.0",
        "@aws-cdk/cx-api": "1.86.0",
        "@aws-cdk/region-info": "1.86.0",
        "@balena/dockerignore": "^1.0.2",
        "constructs": "^3.2.0",
        "fs-extra": "^9.0.1",
        "ignore": "^5.1.8",
        "minimatch": "^3.0.4"
      },
      "dependencies": {
        "@balena/dockerignore": {
          "version": "1.0.2",
          "bundled": true
        },
        "at-least-node": {
          "version": "1.0.0",
          "bundled": true
        },
        "balanced-match": {
          "version": "1.0.0",
          "bundled": true
        },
        "brace-expansion": {
          "version": "1.1.11",
          "bundled": true,
          "requires": {
            "balanced-match": "^1.0.0",
            "concat-map": "0.0.1"
          }
        },
        "concat-map": {
          "version": "0.0.1",
          "bundled": true
        },
        "fs-extra": {
          "version": "9.0.1",
          "bundled": true,
          "requires": {
            "at-least-node": "^1.0.0",
            "graceful-fs": "^4.2.0",
            "jsonfile": "^6.0.1",
            "universalify": "^1.0.0"
          }
        },
        "graceful-fs": {
          "version": "4.2.4",
          "bundled": true
        },
        "ignore": {
          "version": "5.1.8",
          "bundled": true
        },
        "jsonfile": {
          "version": "6.1.0",
          "bundled": true,
          "requires": {
            "graceful-fs": "^4.1.6",
            "universalify": "^2.0.0"
          },
          "dependencies": {
            "universalify": {
              "version": "2.0.0",
              "bundled": true
            }
          }
        },
        "minimatch": {
          "version": "3.0.4",
          "bundled": true,
          "requires": {
            "brace-expansion": "^1.1.7"
          }
        },
        "universalify": {
          "version": "1.0.0",
          "bundled": true
        }
      }
    },
    "@aws-cdk/custom-resources": {
      "version": "1.86.0",
      "resolved": "https://registry.npmjs.org/@aws-cdk/custom-resources/-/custom-resources-1.86.0.tgz",
      "integrity": "sha512-AUq4WN2mVtQLWWDtE4aYXW537qHBQcRp+9ULz9PW9L1fWfncKHjCksRfZ5nYS3QZQNJKl/1XMFV4kitZPUDdag==",
      "requires": {
        "@aws-cdk/aws-cloudformation": "1.86.0",
        "@aws-cdk/aws-ec2": "1.86.0",
        "@aws-cdk/aws-iam": "1.86.0",
        "@aws-cdk/aws-lambda": "1.86.0",
        "@aws-cdk/aws-logs": "1.86.0",
        "@aws-cdk/aws-sns": "1.86.0",
        "@aws-cdk/core": "1.86.0",
        "constructs": "^3.2.0"
      }
    },
    "@aws-cdk/cx-api": {
      "version": "1.86.0",
      "resolved": "https://registry.npmjs.org/@aws-cdk/cx-api/-/cx-api-1.86.0.tgz",
      "integrity": "sha512-wxPf1VHwl+joIdZ/KPdUnphZ8VWpL9BuzXGv6ZZXKACsSOh71AD0Hs4XQpFB9akNgadbZfESuUOOKNygt8B8KA==",
      "requires": {
        "@aws-cdk/cloud-assembly-schema": "1.86.0",
        "semver": "^7.3.2"
      },
      "dependencies": {
        "semver": {
          "version": "7.3.2",
          "bundled": true
        }
      }
    },
    "@aws-cdk/pipelines": {
      "version": "1.86.0",
      "resolved": "https://registry.npmjs.org/@aws-cdk/pipelines/-/pipelines-1.86.0.tgz",
      "integrity": "sha512-FUrD1p3LZWTXyaen7BOtdzkkbKAT8iq5aqR3IDRftK1n11CiYWvr5aZV/btrmwDN/QSpiLDW6hwTShScTyTGAw==",
      "requires": {
        "@aws-cdk/aws-cloudformation": "1.86.0",
        "@aws-cdk/aws-codebuild": "1.86.0",
        "@aws-cdk/aws-codepipeline": "1.86.0",
        "@aws-cdk/aws-codepipeline-actions": "1.86.0",
        "@aws-cdk/aws-ec2": "1.86.0",
        "@aws-cdk/aws-events": "1.86.0",
        "@aws-cdk/aws-iam": "1.86.0",
        "@aws-cdk/aws-s3-assets": "1.86.0",
        "@aws-cdk/cloud-assembly-schema": "1.86.0",
        "@aws-cdk/core": "1.86.0",
        "@aws-cdk/cx-api": "1.86.0",
        "constructs": "^3.2.0"
      }
    },
    "@aws-cdk/region-info": {
      "version": "1.86.0",
      "resolved": "https://registry.npmjs.org/@aws-cdk/region-info/-/region-info-1.86.0.tgz",
      "integrity": "sha512-enKCy9FJSOkySR1ouev6+cXmGFHHc0rkImtr4xESIlfGK17FsdUvBKp7+oW067Q57NXqP4J0jovX57TXMu/v3Q=="
    },
    "constructs": {
      "version": "3.2.113",
      "resolved": "https://registry.npmjs.org/constructs/-/constructs-3.2.113.tgz",
      "integrity": "sha512-yNq5+bZFzNuygzC0nTbJ9cfktMTF7EwUerHWHSc+2sxJELhA5C2j/Ucu+fHmKIr+3TF6j2JCJiK/mO0SoRkdSQ=="
    }
  }
}
